
Microsoft Visual Studio Solution File, Format Version 12.00
# Visual Studio Version 17
VisualStudioVersion = 17.7.34302.85
MinimumVisualStudioVersion = 10.0.40219.1
Project("{9A19103F-16F7-4668-BE54-9A1E7A4F7556}") = "RustyPoker", "RustyPoker.csproj", "{1FF77519-0B69-4EAE-BD2E-D31E02748FBC}"
EndProject
Project("{9A19103F-16F7-4668-BE54-9A1E7A4F7556}") = "RustyPokerTests", "..\RustyPokerTests\RustyPokerTests.csproj", "{E6EC0A93-D03A-49C6-BD2C-59C6412B38E3}"
EndProject
Global
	GlobalSection(SolutionConfigurationPlatforms) = preSolution
		Debug|Any CPU = Debug|Any CPU
		Debug|x64 = Debug|x64
		Release|Any CPU = Release|Any CPU
		Release|x64 = Release|x64
	EndGlobalSection
	GlobalSection(ProjectConfigurationPlatforms) = postSolution
		{1FF77519-0B69-4EAE-BD2E-D31E02748FBC}.Debug|Any CPU.ActiveCfg = Debug|Any CPU
		{1FF77519-0B69-4EAE-BD2E-D31E02748FBC}.Debug|Any CPU.Build.0 = Debug|Any CPU
		{1FF77519-0B69-4EAE-BD2E-D31E02748FBC}.Debug|x64.ActiveCfg = Debug|x64
		{1FF77519-0B69-4EAE-BD2E-D31E02748FBC}.Debug|x64.Build.0 = Debug|x64
		{1FF77519-0B69-4EAE-BD2E-D31E02748FBC}.Release|Any CPU.ActiveCfg = Release|Any CPU
		{1FF77519-0B69-4EAE-BD2E-D31E02748FBC}.Release|Any CPU.Build.0 = Release|Any CPU
		{1FF77519-0B69-4EAE-BD2E-D31E02748FBC}.Release|x64.ActiveCfg = Release|x64
		{1FF77519-0B69-4EAE-BD2E-D31E02748FBC}.Release|x64.Build.0 = Release|x64
		{E6EC0A93-D03A-49C6-BD2C-59C6412B38E3}.Debug|Any CPU.ActiveCfg = Debug|Any CPU
		{E6EC0A93-D03A-49C6-BD2C-59C6412B38E3}.Debug|Any CPU.Build.0 = Debug|Any CPU
		{E6EC0A93-D03A-49C6-BD2C-59C6412B38E3}.Debug|x64.ActiveCfg = Debug|x64
		{E6EC0A93-D03A-49C6-BD2C-59C6412B38E3}.Debug|x64.Build.0 = Debug|x64
		{E6EC0A93-D03A-49C6-BD2C-59C6412B38E3}.Release|Any CPU.ActiveCfg = Release|Any CPU
		{E6EC0A93-D03A-49C6-BD2C-59C6412B38E3}.Release|Any CPU.Build.0 = Release|Any CPU
		{E6EC0A93-D03A-49C6-BD2C-59C6412B38E3}.Release|x64.ActiveCfg = Release|x64
		{E6EC0A93-D03A-49C6-BD2C-59C6412B38E3}.Release|x64.Build.0 = Release|x64
	EndGlobalSection
	GlobalSection(SolutionProperties) = preSolution
		HideSolutionNode = FALSE
	EndGlobalSection
	GlobalSection(ExtensibilityGlobals) = postSolution
		SolutionGuid = {1C949174-C93A-48E3-9F5C-7F605DF26B6A}
	EndGlobalSection
EndGlobal
